
Microsoft Visual Studio Solution File, Format Version 12.00
# Visual Studio 15
Project("{FAE04EC0-301F-11D3-BF4B-00C04F79EFBC}") = "Assembly-CSharp", "Assembly-CSharp.csproj", "{B9281FED-318F-FE63-D902-43853F7A8977}"
EndProject
Project("{FAE04EC0-301F-11D3-BF4B-00C04F79EFBC}") = "Assembly-CSharp-firstpass", "Assembly-CSharp-firstpass.csproj", "{3DC8CF5D-91DF-7E5E-5482-3DC135E89AE5}"
EndProject
Project("{FAE04EC0-301F-11D3-BF4B-00C04F79EFBC}") = "Assembly-CSharp-Editor-firstpass", "Assembly-CSharp-Editor-firstpass.csproj", "{29B30215-8922-DDCA-9DDE-5AAC260609C9}"
EndProject
Global
	GlobalSection(SolutionConfigurationPlatforms) = preSolution
		Debug|Any CPU = Debug|Any CPU
		Release|Any CPU = Release|Any CPU
	EndGlobalSection
	GlobalSection(ProjectConfigurationPlatforms) = postSolution
		{B9281FED-318F-FE63-D902-43853F7A8977}.Debug|Any CPU.ActiveCfg = Debug|Any CPU
		{B9281FED-318F-FE63-D902-43853F7A8977}.Debug|Any CPU.Build.0 = Debug|Any CPU
		{B9281FED-318F-FE63-D902-43853F7A8977}.Release|Any CPU.ActiveCfg = Release|Any CPU
		{B9281FED-318F-FE63-D902-43853F7A8977}.Release|Any CPU.Build.0 = Release|Any CPU
		{3DC8CF5D-91DF-7E5E-5482-3DC135E89AE5}.Debug|Any CPU.ActiveCfg = Debug|Any CPU
		{3DC8CF5D-91DF-7E5E-5482-3DC135E89AE5}.Debug|Any CPU.Build.0 = Debug|Any CPU
		{3DC8CF5D-91DF-7E5E-5482-3DC135E89AE5}.Release|Any CPU.ActiveCfg = Release|Any CPU
		{3DC8CF5D-91DF-7E5E-5482-3DC135E89AE5}.Release|Any CPU.Build.0 = Release|Any CPU
		{29B30215-8922-DDCA-9DDE-5AAC260609C9}.Debug|Any CPU.ActiveCfg = Debug|Any CPU
		{29B30215-8922-DDCA-9DDE-5AAC260609C9}.Debug|Any CPU.Build.0 = Debug|Any CPU
		{29B30215-8922-DDCA-9DDE-5AAC260609C9}.Release|Any CPU.ActiveCfg = Release|Any CPU
		{29B30215-8922-DDCA-9DDE-5AAC260609C9}.Release|Any CPU.Build.0 = Release|Any CPU
	EndGlobalSection
	GlobalSection(SolutionProperties) = preSolution
		HideSolutionNode = FALSE
	EndGlobalSection
EndGlobal
